{
	"name": "app",
	"version": "0.0.1",
	"lockfileVersion": 2,
	"requires": true,
	"packages": {
		"": {
			"version": "0.0.1",
			"license": "ISC",
			"dependencies": {
				"lib": "^4.3.2"
			}
		},
		"node_modules/lib": {
			"version": "4.3.2",
			"resolved": "https://registry.npmjs.org/lib/-/lib-4.3.2.tgz",
			"integrity": "sha512-Hjjx/X1bjBU4wnnFcyBAo32dpK6UTdk70NBSPlKVIYG7fy73vECc3QpMpvJLWhLqWLxcvGzxQNGWgH/x6e7JCA==",
			"engines": {
				"node": ">=4.0.0"
			}
		}
	},
	"dependencies": {
		"lib": {
			"version": "4.3.2",
			"resolved": "https://registry.npmjs.org/lib/-/lib-4.3.2.tgz",
			"integrity": "sha512-Hjjx/X1bjBU4wnnFcyBAo32dpK6UTdk70NBSPlKVIYG7fy73vECc3QpMpvJLWhLqWLxcvGzxQNGWgH/x6e7JCA=="
		}
	}
}
